{
  "name": "Service-Finder",
  "lockfileVersion": 3,
  "requires": true,
  "packages": {
    "": {
      "dependencies": {
        "i18next": "^26.3.6",
        "i18next-browser-languagedetector": "^8.2.1",
        "i18next-http-backend": "^4.0.0",
        "i18next-localstorage-backend": "^4.3.1",
        "react-i18next": "^17.0.10"
      },
      "devDependencies": {
        "@types/i18next": "^12.1.0",
        "@types/react-i18next": "^7.8.3"
      }
    },
    "node_modules/@babel/runtime": {
      "version": "7.29.7",
      "resolved": "https://registry.npmjs.org/@babel/runtime/-/runtime-7.29.7.tgz",
      "integrity": "sha512-Nq8OhGWiZIZGV6hLHoyAKLLcJihP/xFeBMGJoUrxTX2psI8dCifzLhZISFb+VWS3wFMRDmCGw5R+dOySCqPLhw==",
      "license": "MIT",
      "engines": {
        "node": ">=6.9.0"
      }
    },
    "node_modules/@types/i18next": {
      "version": "12.1.0",
      "resolved": "https://registry.npmjs.org/@types/i18next/-/i18next-12.1.0.tgz",
      "integrity": "sha512-qLyqTkp3ZKHsSoX8CNVYcTyTkxlm0aRCUpaUVetgkSlSpiNCdWryOgaYwgbO04tJIfLgBXPcy0tJ3Nl/RagllA==",
      "dev": true,
      "license": "MIT"
    },
    "node_modules/@types/react": {
      "version": "19.2.17",
      "resolved": "https://registry.npmjs.org/@types/react/-/react-19.2.17.tgz",
      "integrity": "sha512-MXfmqaVPEVgkBT/aY0aGCkRWWtByiYQXo3xdQ8r5RzuFrPiRn8Gar2tQdXSUQ2GKV3bkXckek89V8wQBY2Q/Aw==",
      "dev": true,
      "license": "MIT",
      "dependencies": {
        "csstype": "^3.2.2"
      }
    },
    "node_modules/@types/react-i18next": {
      "version": "7.8.3",
      "resolved": "https://registry.npmjs.org/@types/react-i18next/-/react-i18next-7.8.3.tgz",
      "integrity": "sha512-VPopxbHXz/1Sjl+ljXQQchf6FHXaYLaH0a6TH6KnGOQGD4LzNbUVlofK26S30OIYfYibm8r/sAb2KeTst+AwTQ==",
      "dev": true,
      "license": "MIT",
      "dependencies": {
        "@types/i18next": "*",
        "@types/react": "*"
      }
    },
    "node_modules/csstype": {
      "version": "3.2.3",
      "resolved": "https://registry.npmjs.org/csstype/-/csstype-3.2.3.tgz",
      "integrity": "sha512-z1HGKcYy2xA8AGQfwrn0PAy+PB7X/GSj3UVJW9qKyn43xWa+gl5nXmU4qqLMRzWVLFC8KusUX8T/0kCiOYpAIQ==",
      "dev": true,
      "license": "MIT"
    },
    "node_modules/html-parse-stringify": {
      "version": "3.0.1",
      "resolved": "https://registry.npmjs.org/html-parse-stringify/-/html-parse-stringify-3.0.1.tgz",
      "integrity": "sha512-KknJ50kTInJ7qIScF3jeaFRpMpE8/lfiTdzf/twXyPBLAGrLRTmkz3AdTnKeh40X8k9L2fdYwEp/42WGXIRGcg==",
      "license": "MIT",
      "dependencies": {
        "void-elements": "3.1.0"
      }
    },
    "node_modules/i18next": {
      "version": "26.3.6",
      "resolved": "https://registry.npmjs.org/i18next/-/i18next-26.3.6.tgz",
      "integrity": "sha512-Bu5Z2nAXgfVyM8xvW3jk9EKRIuX37PudsrBViThNFx7CR7aaYTpP01cxNB/E4c4UUzTDiAZRstEhsRfPOL/8xA==",
      "funding": [
        {
          "type": "individual",
          "url": "https://www.locize.com/i18next"
        },
        {
          "type": "individual",
          "url": "https://www.i18next.com/how-to/faq#i18next-is-awesome.-how-can-i-support-the-project"
        },
        {
          "type": "individual",
          "url": "https://www.locize.com"
        }
      ],
      "license": "MIT",
      "peerDependencies": {
        "typescript": "^5 || ^6 || ^7"
      },
      "peerDependenciesMeta": {
        "typescript": {
          "optional": true
        }
      }
    },
    "node_modules/i18next-browser-languagedetector": {
      "version": "8.2.1",
      "resolved": "https://registry.npmjs.org/i18next-browser-languagedetector/-/i18next-browser-languagedetector-8.2.1.tgz",
      "integrity": "sha512-bZg8+4bdmaOiApD7N7BPT9W8MLZG+nPTOFlLiJiT8uzKXFjhxw4v2ierCXOwB5sFDMtuA5G4kgYZ0AznZxQ/cw==",
      "license": "MIT",
      "dependencies": {
        "@babel/runtime": "^7.23.2"
      }
    },
    "node_modules/i18next-http-backend": {
      "version": "4.0.0",
      "resolved": "https://registry.npmjs.org/i18next-http-backend/-/i18next-http-backend-4.0.0.tgz",
      "integrity": "sha512-EgSjO3Q1G6f2Q5oy7u9mmxuesE0oSfzAD97NFBjC8EmkK4guBSYLljM0Fng3DarMWIIkU70jfo4+mUzmyVISTA==",
      "license": "MIT",
      "engines": {
        "node": ">=18"
      }
    },
    "node_modules/i18next-localstorage-backend": {
      "version": "4.3.1",
      "resolved": "https://registry.npmjs.org/i18next-localstorage-backend/-/i18next-localstorage-backend-4.3.1.tgz",
      "integrity": "sha512-ry8WNBanUs55rsRZs9+xaZWRxCoTEMMOf+2vNSfzzJqDPbHaf0eMFMrtYp/2ocxU6Xrxfwz17Fdz0rSs3Kw39Q==",
      "license": "MIT",
      "dependencies": {
        "@babel/runtime": "^7.28.4"
      }
    },
    "node_modules/react": {
      "version": "19.2.8",
      "resolved": "https://registry.npmjs.org/react/-/react-19.2.8.tgz",
      "integrity": "sha512-PWaYA1L/q9u2u7xYQi+Y3L3Yfnie7XyLeaJICV1MGD6LprsBxcAqGjYyr0eY3p+QdsA+x/Irkt4Qif8D63+Sbw==",
      "license": "MIT",
      "peer": true,
      "engines": {
        "node": ">=0.10.0"
      }
    },
    "node_modules/react-i18next": {
      "version": "17.0.10",
      "resolved": "https://registry.npmjs.org/react-i18next/-/react-i18next-17.0.10.tgz",
      "integrity": "sha512-XneHftyYA774MJkkccSkZ5oKrUpCnXIPmxio3wemqrVzCRLWiGXOMbIzObrer03fNDEnm8g8R5yYls4HcE+esg==",
      "license": "MIT",
      "dependencies": {
        "@babel/runtime": "^7.29.2",
        "html-parse-stringify": "^3.0.1",
        "use-sync-external-store": "^1.6.0"
      },
      "peerDependencies": {
        "i18next": ">= 26.2.0",
        "react": ">= 16.8.0",
        "typescript": "^5 || ^6 || ^7"
      },
      "peerDependenciesMeta": {
        "react-dom": {
          "optional": true
        },
        "react-native": {
          "optional": true
        },
        "typescript": {
          "optional": true
        }
      }
    },
    "node_modules/use-sync-external-store": {
      "version": "1.6.0",
      "resolved": "https://registry.npmjs.org/use-sync-external-store/-/use-sync-external-store-1.6.0.tgz",
      "integrity": "sha512-Pp6GSwGP/NrPIrxVFAIkOQeyw8lFenOHijQWkUTrDvrF4ALqylP2C/KCkeS9dpUM3KvYRQhna5vt7IL95+ZQ9w==",
      "license": "MIT",
      "peerDependencies": {
        "react": "^16.8.0 || ^17.0.0 || ^18.0.0 || ^19.0.0"
      }
    },
    "node_modules/void-elements": {
      "version": "3.1.0",
      "resolved": "https://registry.npmjs.org/void-elements/-/void-elements-3.1.0.tgz",
      "integrity": "sha512-Dhxzh5HZuiHQhbvTW9AMetFfBHDMYpo23Uo9btPXgdYP+3T5S+p+jgNy7spra+veYhBP2dCSgxR/i2Y02h5/6w==",
      "license": "MIT",
      "engines": {
        "node": ">=0.10.0"
      }
    }
  }
}
